
Microsoft Visual Studio Solution File, Format Version 12.00
# Visual Studio 15
VisualStudioVersion = 15.0.27130.2010
MinimumVisualStudioVersion = 10.0.40219.1
Project("{8BC9CEB8-8B4A-11D0-8D11-00A0C91BC942}") = "Mem", "Mem\Mem.vcxproj", "{DB486B77-96C6-4B00-A525-7493DE71851F}"
EndProject
Project("{8BC9CEB8-8B4A-11D0-8D11-00A0C91BC942}") = "Libraries", "Libraries\Libraries.vcxitems", "{E232F2E4-412B-4BE7-9B70-E488819E27EE}"
EndProject
Global
	GlobalSection(SolutionConfigurationPlatforms) = preSolution
		Debug|x64 = Debug|x64
		Debug|x86 = Debug|x86
		Release|x64 = Release|x64
		Release|x86 = Release|x86
	EndGlobalSection
	GlobalSection(ProjectConfigurationPlatforms) = postSolution
		{DB486B77-96C6-4B00-A525-7493DE71851F}.Debug|x64.ActiveCfg = Debug|x64
		{DB486B77-96C6-4B00-A525-7493DE71851F}.Debug|x64.Build.0 = Debug|x64
		{DB486B77-96C6-4B00-A525-7493DE71851F}.Debug|x86.ActiveCfg = Debug|Win32
		{DB486B77-96C6-4B00-A525-7493DE71851F}.Debug|x86.Build.0 = Debug|Win32
		{DB486B77-96C6-4B00-A525-7493DE71851F}.Release|x64.ActiveCfg = Release|x64
		{DB486B77-96C6-4B00-A525-7493DE71851F}.Release|x64.Build.0 = Release|x64
		{DB486B77-96C6-4B00-A525-7493DE71851F}.Release|x86.ActiveCfg = Release|Win32
		{DB486B77-96C6-4B00-A525-7493DE71851F}.Release|x86.Build.0 = Release|Win32
	EndGlobalSection
	GlobalSection(SolutionProperties) = preSolution
		HideSolutionNode = FALSE
	EndGlobalSection
	GlobalSection(ExtensibilityGlobals) = postSolution
		SolutionGuid = {3E23CC1E-1464-4950-AB49-3308DB9752E7}
	EndGlobalSection
EndGlobal
